
Microsoft Visual Studio Solution File, Format Version 12.00
# Visual Studio 15
Project("{FAE04EC0-301F-11D3-BF4B-00C04F79EFBC}") = "2dUnity", "Assembly-CSharp.csproj", "{1D67CF61-1470-46AB-4660-C34807E6EA3E}"
EndProject
Project("{FAE04EC0-301F-11D3-BF4B-00C04F79EFBC}") = "2dUnity", "Assembly-CSharp-firstpass.csproj", "{BAA7FEC0-413D-4B38-59E8-538D0C1F3083}"
EndProject
Project("{FAE04EC0-301F-11D3-BF4B-00C04F79EFBC}") = "2dUnity", "Assembly-CSharp-Editor-firstpass.csproj", "{01D7EB14-FB01-7718-8766-55A144527AFC}"
EndProject
Global
	GlobalSection(SolutionConfigurationPlatforms) = preSolution
		Debug|Any CPU = Debug|Any CPU
		Release|Any CPU = Release|Any CPU
	EndGlobalSection
	GlobalSection(ProjectConfigurationPlatforms) = postSolution
		{1D67CF61-1470-46AB-4660-C34807E6EA3E}.Debug|Any CPU.ActiveCfg = Debug|Any CPU
		{1D67CF61-1470-46AB-4660-C34807E6EA3E}.Debug|Any CPU.Build.0 = Debug|Any CPU
		{1D67CF61-1470-46AB-4660-C34807E6EA3E}.Release|Any CPU.ActiveCfg = Release|Any CPU
		{1D67CF61-1470-46AB-4660-C34807E6EA3E}.Release|Any CPU.Build.0 = Release|Any CPU
		{BAA7FEC0-413D-4B38-59E8-538D0C1F3083}.Debug|Any CPU.ActiveCfg = Debug|Any CPU
		{BAA7FEC0-413D-4B38-59E8-538D0C1F3083}.Debug|Any CPU.Build.0 = Debug|Any CPU
		{BAA7FEC0-413D-4B38-59E8-538D0C1F3083}.Release|Any CPU.ActiveCfg = Release|Any CPU
		{BAA7FEC0-413D-4B38-59E8-538D0C1F3083}.Release|Any CPU.Build.0 = Release|Any CPU
		{01D7EB14-FB01-7718-8766-55A144527AFC}.Debug|Any CPU.ActiveCfg = Debug|Any CPU
		{01D7EB14-FB01-7718-8766-55A144527AFC}.Debug|Any CPU.Build.0 = Debug|Any CPU
		{01D7EB14-FB01-7718-8766-55A144527AFC}.Release|Any CPU.ActiveCfg = Release|Any CPU
		{01D7EB14-FB01-7718-8766-55A144527AFC}.Release|Any CPU.Build.0 = Release|Any CPU
	EndGlobalSection
	GlobalSection(SolutionProperties) = preSolution
		HideSolutionNode = FALSE
	EndGlobalSection
EndGlobal
